
Microsoft Visual Studio Solution File, Format Version 12.00
# Visual Studio 15
VisualStudioVersion = 15.0.26606.0
MinimumVisualStudioVersion = 10.0.40219.1
Project("{9A19103F-16F7-4668-BE54-9A1E7A4F7556}") = "Azure.Functions.UserIp", "Azure.Functions.UserIp\Azure.Functions.UserIp.csproj", "{6E4953ED-FF56-4AEC-84D3-7F7C135EDC31}"
EndProject
Global
	GlobalSection(SolutionConfigurationPlatforms) = preSolution
		Debug|Any CPU = Debug|Any CPU
		Release|Any CPU = Release|Any CPU
	EndGlobalSection
	GlobalSection(ProjectConfigurationPlatforms) = postSolution
		{6E4953ED-FF56-4AEC-84D3-7F7C135EDC31}.Debug|Any CPU.ActiveCfg = Debug|Any CPU
		{6E4953ED-FF56-4AEC-84D3-7F7C135EDC31}.Debug|Any CPU.Build.0 = Debug|Any CPU
		{6E4953ED-FF56-4AEC-84D3-7F7C135EDC31}.Release|Any CPU.ActiveCfg = Release|Any CPU
		{6E4953ED-FF56-4AEC-84D3-7F7C135EDC31}.Release|Any CPU.Build.0 = Release|Any CPU
	EndGlobalSection
	GlobalSection(SolutionProperties) = preSolution
		HideSolutionNode = FALSE
	EndGlobalSection
EndGlobal
